{
  "name": "mints",
  "version": "0.0.1",
  "lockfileVersion": 1,
  "requires": true,
  "dependencies": {
    "react-native-location": {
      "version": "0.27.0",
      "resolved": "https://registry.npmjs.org/react-native-location/-/react-native-location-0.27.0.tgz",
      "integrity": "sha1-jpIKe/vUtVgzAo8trWXtwSRJ1vU="
    },
    "react-native-sensor-manager": {
      "version": "0.1.10",
      "resolved": "https://registry.npmjs.org/react-native-sensor-manager/-/react-native-sensor-manager-0.1.10.tgz",
      "integrity": "sha1-wigoDWf922aOcVtNe4IxiN5QTag="
    }
  }
}
